
Microsoft Visual Studio Solution File, Format Version 12.00
# Visual Studio Version 16
VisualStudioVersion = 16.0.31205.134
MinimumVisualStudioVersion = 10.0.40219.1
Project("{9A19103F-16F7-4668-BE54-9A1E7A4F7556}") = "XSquareCalculationsApi", "XSquareCalculationsApi\XSquareCalculationsApi.csproj", "{39293244-3D61-4E69-B7E4-21ED81988604}"
EndProject
Project("{FAE04EC0-301F-11D3-BF4B-00C04F79EFBC}") = "XSquareCalculationsApiTest", "XSquareCalculationsApiTest\XSquareCalculationsApiTest.csproj", "{A8738E65-E0B2-4F6F-8B0B-59F98AB350E4}"
EndProject
Global
	GlobalSection(SolutionConfigurationPlatforms) = preSolution
		Debug|Any CPU = Debug|Any CPU
		Release|Any CPU = Release|Any CPU
	EndGlobalSection
	GlobalSection(ProjectConfigurationPlatforms) = postSolution
		{39293244-3D61-4E69-B7E4-21ED81988604}.Debug|Any CPU.ActiveCfg = Debug|Any CPU
		{39293244-3D61-4E69-B7E4-21ED81988604}.Debug|Any CPU.Build.0 = Debug|Any CPU
		{39293244-3D61-4E69-B7E4-21ED81988604}.Release|Any CPU.ActiveCfg = Release|Any CPU
		{39293244-3D61-4E69-B7E4-21ED81988604}.Release|Any CPU.Build.0 = Release|Any CPU
		{A8738E65-E0B2-4F6F-8B0B-59F98AB350E4}.Debug|Any CPU.ActiveCfg = Debug|Any CPU
		{A8738E65-E0B2-4F6F-8B0B-59F98AB350E4}.Debug|Any CPU.Build.0 = Debug|Any CPU
		{A8738E65-E0B2-4F6F-8B0B-59F98AB350E4}.Release|Any CPU.ActiveCfg = Release|Any CPU
		{A8738E65-E0B2-4F6F-8B0B-59F98AB350E4}.Release|Any CPU.Build.0 = Release|Any CPU
	EndGlobalSection
	GlobalSection(SolutionProperties) = preSolution
		HideSolutionNode = FALSE
	EndGlobalSection
	GlobalSection(ExtensibilityGlobals) = postSolution
		SolutionGuid = {F4064A6C-74B9-496D-87EB-7C30E471D19A}
	EndGlobalSection
EndGlobal
